NeoBundleLock Align 787662fe90cd057942bc5b682fd70c87e1a9dd77
NeoBundleLock VimClojure 2a17c249571395a7f45523d38cac6a9326ecf8f1
NeoBundleLock YankRing.vim 28854abef8fa4ebd3cb219aefcf22566997d8f65
NeoBundleLock ctrlp.vim 3a048e85d3c2f72b1564e2dc43ed5b1d67bd59a9
NeoBundleLock neobundle.vim c6fa48cd665071b7a4dbf5ab53f48cd5884716ee
NeoBundleLock neocomplcache 778181767467b8f8016828898779a646074d883a
NeoBundleLock neomru.vim 0e615a8b92eff04121d76cddfa2386abf6992188
NeoBundleLock neosnippet 4bf88a9e497dc7180e9fe58551ad340de0192f39
NeoBundleLock neosnippet-snippets b89c544264912b064c79da2a90fc5d4e69d621b2
NeoBundleLock nerdtree 8cd17c1a478d8302e4782a95963abe46fc22c538
NeoBundleLock open-browser.vim 8fbd60cc8527587f2c76b9de8b5229bfacd19ea8
NeoBundleLock previm 5acd1a1cb5b6022dc744c8f7ee300a68b321c71f
NeoBundleLock syntastic e1161a723a353db99780f9a9351340df7abbb106
NeoBundleLock unite.vim ad15f96365b5cb43a45d0ca779df6a497f954f15
NeoBundleLock vim-colorschemes b8dff40f69f1873effbed97c759a8452ecb240ed
NeoBundleLock vim-fugitive 913fff1cea3aa1a08a360a494fa05555e59147f5
NeoBundleLock vim-markdown 3fcde7215e22913f004c2836fd46ff61746be6db
NeoBundleLock vim-slime 65201427e125f8dc29ae434b7897e1eb854276ab
NeoBundleLock vim-surround e49d6c2459e0f5569ff2d533b4df995dd7f98313
NeoBundleLock vim-template e6e3a8c6b4f7520406f0b5f5a7e7f5507f1834d4
NeoBundleLock vimfiler 91479d7b6b355f2fd2b66c7a2683ddc7023c773c
NeoBundleLock vimproc 03a38f283ca9e15784e8fea84e8afc5d633b9639
NeoBundleLock vimshell 3787e52766812d8b99a93ccdda57517bc2a0bab6
